
Microsoft Visual Studio Solution File, Format Version 12.00
# Visual Studio Version 17
VisualStudioVersion = 17.9.34728.123
MinimumVisualStudioVersion = 10.0.40219.1
Project("{FAE04EC0-301F-11D3-BF4B-00C04F79EFBC}") = "trabalhandoVetorEx2", "trabalhandoVetorEx2\trabalhandoVetorEx2.csproj", "{27F8CE52-6CD1-4DE4-9DED-A8D32AAB692A}"
EndProject
Global
	GlobalSection(SolutionConfigurationPlatforms) = preSolution
		Debug|Any CPU = Debug|Any CPU
		Release|Any CPU = Release|Any CPU
	EndGlobalSection
	GlobalSection(ProjectConfigurationPlatforms) = postSolution
		{27F8CE52-6CD1-4DE4-9DED-A8D32AAB692A}.Debug|Any CPU.ActiveCfg = Debug|Any CPU
		{27F8CE52-6CD1-4DE4-9DED-A8D32AAB692A}.Debug|Any CPU.Build.0 = Debug|Any CPU
		{27F8CE52-6CD1-4DE4-9DED-A8D32AAB692A}.Release|Any CPU.ActiveCfg = Release|Any CPU
		{27F8CE52-6CD1-4DE4-9DED-A8D32AAB692A}.Release|Any CPU.Build.0 = Release|Any CPU
	EndGlobalSection
	GlobalSection(SolutionProperties) = preSolution
		HideSolutionNode = FALSE
	EndGlobalSection
	GlobalSection(ExtensibilityGlobals) = postSolution
		SolutionGuid = {A1B8B557-CDB3-4DAF-9C99-34E7B53FAD4C}
	EndGlobalSection
EndGlobal
